# THIS IS AN AUTOGENERATED FILE. DO NOT EDIT THIS FILE DIRECTLY.
# yarn lockfile v1


acorn@^8.2.4:
  version "8.2.4"
  resolved "https://registry.yarnpkg.com/acorn/-/acorn-8.2.4.tgz#caba24b08185c3b56e3168e97d15ed17f4d31fd0"
  integrity sha512-Ibt84YwBDDA890eDiDCEqcbwvHlBvzzDkU2cGBBDDI1QWT12jTiXIOn2CIw5KK4i6N5Z2HUxwYjzriDyqaqqZg==
